{
  "requires": true,
  "lockfileVersion": 1,
  "dependencies": {
    "primeng": {
      "version": "6.1.6",
      "resolved": "https://registry.npmjs.org/primeng/-/primeng-6.1.6.tgz",
      "integrity": "sha512-zwCpGdx3JDE+Y+LiWh9ErRX+fpFPTRHtEd2PDJmfQsdlIWfjxSR5U9vi3+bSRW2n6IFiH2GCYMS31R64rfMwbg=="
    }
  }
}
